
Microsoft Visual Studio Solution File, Format Version 12.00
# Visual Studio 2013
VisualStudioVersion = 12.0.40629.0
MinimumVisualStudioVersion = 10.0.40219.1
Project("{FAE04EC0-301F-11D3-BF4B-00C04F79EFBC}") = "Data", "Data\Data.csproj", "{3D9ABE1D-29FA-45B6-94CD-497FE0897068}"
EndProject
Project("{FAE04EC0-301F-11D3-BF4B-00C04F79EFBC}") = "DataAccess", "DataAccess\DataAccess.csproj", "{AB494D17-771A-4704-918A-FDD55752DB15}"
EndProject
Project("{FAE04EC0-301F-11D3-BF4B-00C04F79EFBC}") = "Data.Tests", "Data.Tests\Data.Tests.csproj", "{50FC5F0B-0B9B-4F2F-9D3C-69012F6724A3}"
EndProject
Project("{FAE04EC0-301F-11D3-BF4B-00C04F79EFBC}") = "Service", "Service\Service.csproj", "{D29171E9-23FC-46F9-8DB9-EEF4A8CD1101}"
EndProject
Project("{FAE04EC0-301F-11D3-BF4B-00C04F79EFBC}") = "Service.Tests", "Service.Tests\Service.Tests.csproj", "{97A1AC35-5168-4470-8D6A-E1E1AABAB952}"
EndProject
Project("{FAE04EC0-301F-11D3-BF4B-00C04F79EFBC}") = "UI", "UI\UI.csproj", "{8F980DD1-8DB0-43B3-A1C6-840765B0AE15}"
EndProject
Global
	GlobalSection(SolutionConfigurationPlatforms) = preSolution
		Debug|Any CPU = Debug|Any CPU
		Release|Any CPU = Release|Any CPU
	EndGlobalSection
	GlobalSection(ProjectConfigurationPlatforms) = postSolution
		{3D9ABE1D-29FA-45B6-94CD-497FE0897068}.Debug|Any CPU.ActiveCfg = Debug|Any CPU
		{3D9ABE1D-29FA-45B6-94CD-497FE0897068}.Debug|Any CPU.Build.0 = Debug|Any CPU
		{3D9ABE1D-29FA-45B6-94CD-497FE0897068}.Release|Any CPU.ActiveCfg = Release|Any CPU
		{3D9ABE1D-29FA-45B6-94CD-497FE0897068}.Release|Any CPU.Build.0 = Release|Any CPU
		{AB494D17-771A-4704-918A-FDD55752DB15}.Debug|Any CPU.ActiveCfg = Debug|Any CPU
		{AB494D17-771A-4704-918A-FDD55752DB15}.Debug|Any CPU.Build.0 = Debug|Any CPU
		{AB494D17-771A-4704-918A-FDD55752DB15}.Release|Any CPU.ActiveCfg = Release|Any CPU
		{AB494D17-771A-4704-918A-FDD55752DB15}.Release|Any CPU.Build.0 = Release|Any CPU
		{50FC5F0B-0B9B-4F2F-9D3C-69012F6724A3}.Debug|Any CPU.ActiveCfg = Debug|Any CPU
		{50FC5F0B-0B9B-4F2F-9D3C-69012F6724A3}.Debug|Any CPU.Build.0 = Debug|Any CPU
		{50FC5F0B-0B9B-4F2F-9D3C-69012F6724A3}.Release|Any CPU.ActiveCfg = Release|Any CPU
		{50FC5F0B-0B9B-4F2F-9D3C-69012F6724A3}.Release|Any CPU.Build.0 = Release|Any CPU
		{D29171E9-23FC-46F9-8DB9-EEF4A8CD1101}.Debug|Any CPU.ActiveCfg = Debug|Any CPU
		{D29171E9-23FC-46F9-8DB9-EEF4A8CD1101}.Debug|Any CPU.Build.0 = Debug|Any CPU
		{D29171E9-23FC-46F9-8DB9-EEF4A8CD1101}.Release|Any CPU.ActiveCfg = Release|Any CPU
		{D29171E9-23FC-46F9-8DB9-EEF4A8CD1101}.Release|Any CPU.Build.0 = Release|Any CPU
		{97A1AC35-5168-4470-8D6A-E1E1AABAB952}.Debug|Any CPU.ActiveCfg = Debug|Any CPU
		{97A1AC35-5168-4470-8D6A-E1E1AABAB952}.Debug|Any CPU.Build.0 = Debug|Any CPU
		{97A1AC35-5168-4470-8D6A-E1E1AABAB952}.Release|Any CPU.ActiveCfg = Release|Any CPU
		{97A1AC35-5168-4470-8D6A-E1E1AABAB952}.Release|Any CPU.Build.0 = Release|Any CPU
		{8F980DD1-8DB0-43B3-A1C6-840765B0AE15}.Debug|Any CPU.ActiveCfg = Debug|Any CPU
		{8F980DD1-8DB0-43B3-A1C6-840765B0AE15}.Debug|Any CPU.Build.0 = Debug|Any CPU
		{8F980DD1-8DB0-43B3-A1C6-840765B0AE15}.Release|Any CPU.ActiveCfg = Release|Any CPU
		{8F980DD1-8DB0-43B3-A1C6-840765B0AE15}.Release|Any CPU.Build.0 = Release|Any CPU
	EndGlobalSection
	GlobalSection(SolutionProperties) = preSolution
		HideSolutionNode = FALSE
	EndGlobalSection
EndGlobal
